// !$*UTF8*$!
{
	archiveVersion = 1;
	classes = {
	};
	objectVersion = 46;
	objects = {

/* Begin PBXBuildFile section */
		C316E3A71D55C9B70064C2E8 /* main.m in Sources */ = {isa = PBXBuildFile; fileRef = C316E3A61D55C9B70064C2E8 /* main.m */; };
		C316E3AA1D55C9B70064C2E8 /* AppDelegate.m in Sources */ = {isa = PBXBuildFile; fileRef = C316E3A91D55C9B70064C2E8 /* AppDelegate.m */; };
		C316E3AD1D55C9B70064C2E8 /* FirstViewController.m in Sources */ = {isa = PBXBuildFile; fileRef = C316E3AC1D55C9B70064C2E8 /* FirstViewController.m */; };
		C316E3B01D55C9B70064C2E8 /* SecondViewController.m in Sources */ = {isa = PBXBuildFile; fileRef = C316E3AF1D55C9B70064C2E8 /* SecondViewController.m */; };
		C316E3B31D55C9B70064C2E8 /* Main.storyboard in Resources */ = {isa = PBXBuildFile; fileRef = C316E3B11D55C9B70064C2E8 /* Main.storyboard */; };
		C316E3B51D55C9B70064C2E8 /* Assets.xcassets in Resources */ = {isa = PBXBuildFile; fileRef = C316E3B41D55C9B70064C2E8 /* Assets.xcassets */; };
		C316E3B81D55C9B70064C2E8 /* LaunchScreen.storyboard in Resources */ = {isa = PBXBuildFile; fileRef = C316E3B61D55C9B70064C2E8 /* LaunchScreen.storyboard */; };
		C316E3C31D55C9B70064C2E8 /* clientTests.m in Sources */ = {isa = PBXBuildFile; fileRef = C316E3C21D55C9B70064C2E8 /* clientTests.m */; };
		C316E3CE1D55C9B70064C2E8 /* clientUITests.m in Sources */ = {isa = PBXBuildFile; fileRef = C316E3CD1D55C9B70064C2E8 /* clientUITests.m */; };
		C316E3DD1D55D56F0064C2E8 /* UserDetailsViewController.m in Sources */ = {isa = PBXBuildFile; fileRef = C316E3DC1D55D56F0064C2E8 /* UserDetailsViewController.m */; };
		C316E3E01D55D5C10064C2E8 /* UserListTableViewController.m in Sources */ = {isa = PBXBuildFile; fileRef = C316E3DF1D55D5C10064C2E8 /* UserListTableViewController.m */; };
		C316E3E31D55E1450064C2E8 /* UserDetailsTableViewCell.m in Sources */ = {isa = PBXBuildFile; fileRef = C316E3E21D55E1450064C2E8 /* UserDetailsTableViewCell.m */; };
		C316E3E61D56256C0064C2E8 /* ApiClient.m in Sources */ = {isa = PBXBuildFile; fileRef = C316E3E51D56256C0064C2E8 /* ApiClient.m */; };
/* End PBXBuildFile section */

/* Begin PBXContainerItemProxy section */
		C316E3BF1D55C9B70064C2E8 /* PBXContainerItemProxy */ = {
			isa = PBXContainerItemProxy;
			containerPortal = C316E39A1D55C9B70064C2E8 /* Project object */;
			proxyType = 1;
			remoteGlobalIDString = C316E3A11D55C9B70064C2E8;
			remoteInfo = client;
		};
		C316E3CA1D55C9B70064C2E8 /* PBXContainerItemProxy */ = {
			isa = PBXContainerItemProxy;
			containerPortal = C316E39A1D55C9B70064C2E8 /* Project object */;
			proxyType = 1;
			remoteGlobalIDString = C316E3A11D55C9B70064C2E8;
			remoteInfo = client;
		};
/* End PBXContainerItemProxy section */

/* Begin PBXFileReference section */
		C316E3A21D55C9B70064C2E8 /* client.app */ = {isa = PBXFileReference; explicitFileType = wrapper.application; includeInIndex = 0; path = client.app; sourceTree = BUILT_PRODUCTS_DIR; };
		C316E3A61D55C9B70064C2E8 /* main.m */ = {isa = PBXFileReference; lastKnownFileType = sourcecode.c.objc; path = main.m; sourceTree = "<group>"; };
		C316E3A81D55C9B70064C2E8 /* AppDelegate.h */ = {isa = PBXFileReference; lastKnownFileType = sourcecode.c.h; path = AppDelegate.h; sourceTree = "<group>"; };
		C316E3A91D55C9B70064C2E8 /* AppDelegate.m */ = {isa = PBXFileReference; lastKnownFileType = sourcecode.c.objc; path = AppDelegate.m; sourceTree = "<group>"; };
		C316E3AB1D55C9B70064C2E8 /* FirstViewController.h */ = {isa = PBXFileReference; lastKnownFileType = sourcecode.c.h; path = FirstViewController.h; sourceTree = "<group>"; };
		C316E3AC1D55C9B70064C2E8 /* FirstViewController.m */ = {isa = PBXFileReference; lastKnownFileType = sourcecode.c.objc; path = FirstViewController.m; sourceTree = "<group>"; };
		C316E3AE1D55C9B70064C2E8 /* SecondViewController.h */ = {isa = PBXFileReference; lastKnownFileType = sourcecode.c.h; path = SecondViewController.h; sourceTree = "<group>"; };
		C316E3AF1D55C9B70064C2E8 /* SecondViewController.m */ = {isa = PBXFileReference; lastKnownFileType = sourcecode.c.objc; path = SecondViewController.m; sourceTree = "<group>"; };
		C316E3B21D55C9B70064C2E8 /* Base */ = {isa = PBXFileReference; lastKnownFileType = file.storyboard; name = Base; path = Base.lproj/Main.storyboard; sourceTree = "<group>"; };
		C316E3B41D55C9B70064C2E8 /* Assets.xcassets */ = {isa = PBXFileReference; lastKnownFileType = folder.assetcatalog; path = Assets.xcassets; sourceTree = "<group>"; };
		C316E3B71D55C9B70064C2E8 /* Base */ = {isa = PBXFileReference; lastKnownFileType = file.storyboard; name = Base; path = Base.lproj/LaunchScreen.storyboard; sourceTree = "<group>"; };
		C316E3B91D55C9B70064C2E8 /* Info.plist */ = {isa = PBXFileReference; lastKnownFileType = text.plist.xml; path = Info.plist; sourceTree = "<group>"; };
		C316E3BE1D55C9B70064C2E8 /* clientTests.xctest */ = {isa = PBXFileReference; explicitFileType = wrapper.cfbundle; includeInIndex = 0; path = clientTests.xctest; sourceTree = BUILT_PRODUCTS_DIR; };
		C316E3C21D55C9B70064C2E8 /* clientTests.m */ = {isa = PBXFileReference; lastKnownFileType = sourcecode.c.objc; path = clientTests.m; sourceTree = "<group>"; };
		C316E3C41D55C9B70064C2E8 /* Info.plist */ = {isa = PBXFileReference; lastKnownFileType = text.plist.xml; path = Info.plist; sourceTree = "<group>"; };
		C316E3C91D55C9B70064C2E8 /* clientUITests.xctest */ = {isa = PBXFileReference; explicitFileType = wrapper.cfbundle; includeInIndex = 0; path = clientUITests.xctest; sourceTree = BUILT_PRODUCTS_DIR; };
		C316E3CD1D55C9B70064C2E8 /* clientUITests.m */ = {isa = PBXFileReference; lastKnownFileType = sourcecode.c.objc; path = clientUITests.m; sourceTree = "<group>"; };
		C316E3CF1D55C9B70064C2E8 /* Info.plist */ = {isa = PBXFileReference; lastKnownFileType = text.plist.xml; path = Info.plist; sourceTree = "<group>"; };
		C316E3DB1D55D56F0064C2E8 /* UserDetailsViewController.h */ = {isa = PBXFileReference; fileEncoding = 4; lastKnownFileType = sourcecode.c.h; path = UserDetailsViewController.h; sourceTree = "<group>"; };
		C316E3DC1D55D56F0064C2E8 /* UserDetailsViewController.m */ = {isa = PBXFileReference; fileEncoding = 4; lastKnownFileType = sourcecode.c.objc; path = UserDetailsViewController.m; sourceTree = "<group>"; };
		C316E3DE1D55D5C10064C2E8 /* UserListTableViewController.h */ = {isa = PBXFileReference; fileEncoding = 4; lastKnownFileType = sourcecode.c.h; path = UserListTableViewController.h; sourceTree = "<group>"; };
		C316E3DF1D55D5C10064C2E8 /* UserListTableViewController.m */ = {isa = PBXFileReference; fileEncoding = 4; lastKnownFileType = sourcecode.c.objc; path = UserListTableViewController.m; sourceTree = "<group>"; };
		C316E3E11D55E1450064C2E8 /* UserDetailsTableViewCell.h */ = {isa = PBXFileReference; fileEncoding = 4; lastKnownFileType = sourcecode.c.h; path = UserDetailsTableViewCell.h; sourceTree = "<group>"; };
		C316E3E21D55E1450064C2E8 /* UserDetailsTableViewCell.m */ = {isa = PBXFileReference; fileEncoding = 4; lastKnownFileType = sourcecode.c.objc; path = UserDetailsTableViewCell.m; sourceTree = "<group>"; };
		C316E3E41D56256C0064C2E8 /* ApiClient.h */ = {isa = PBXFileReference; fileEncoding = 4; lastKnownFileType = sourcecode.c.h; path = ApiClient.h; sourceTree = "<group>"; };
		C316E3E51D56256C0064C2E8 /* ApiClient.m */ = {isa = PBXFileReference; fileEncoding = 4; lastKnownFileType = sourcecode.c.objc; path = ApiClient.m; sourceTree = "<group>"; };
/* End PBXFileReference section */

/* Begin PBXFrameworksBuildPhase section */
		C316E39F1D55C9B70064C2E8 /* Frameworks */ = {
			isa = PBXFrameworksBuildPhase;
			buildActionMask = 2147483647;
			files = (
			);
			runOnlyForDeploymentPostprocessing = 0;
		};
		C316E3BB1D55C9B70064C2E8 /* Frameworks */ = {
			isa = PBXFrameworksBuildPhase;
			buildActionMask = 2147483647;
			files = (
			);
			runOnlyForDeploymentPostprocessing = 0;
		};
		C316E3C61D55C9B70064C2E8 /* Frameworks */ = {
			isa = PBXFrameworksBuildPhase;
			buildActionMask = 2147483647;
			files = (
			);
			runOnlyForDeploymentPostprocessing = 0;
		};
/* End PBXFrameworksBuildPhase section */

/* Begin PBXGroup section */
		C316E3991D55C9B70064C2E8 = {
			isa = PBXGroup;
			children = (
				C316E3A41D55C9B70064C2E8 /* client */,
				C316E3C11D55C9B70064C2E8 /* clientTests */,
				C316E3CC1D55C9B70064C2E8 /* clientUITests */,
				C316E3A31D55C9B70064C2E8 /* Products */,
			);
			sourceTree = "<group>";
		};
		C316E3A31D55C9B70064C2E8 /* Products */ = {
			isa = PBXGroup;
			children = (
				C316E3A21D55C9B70064C2E8 /* client.app */,
				C316E3BE1D55C9B70064C2E8 /* clientTests.xctest */,
				C316E3C91D55C9B70064C2E8 /* clientUITests.xctest */,
			);
			name = Products;
			sourceTree = "<group>";
		};
		C316E3A41D55C9B70064C2E8 /* client */ = {
			isa = PBXGroup;
			children = (
				C316E3A81D55C9B70064C2E8 /* AppDelegate.h */,
				C316E3A91D55C9B70064C2E8 /* AppDelegate.m */,
				C316E3AB1D55C9B70064C2E8 /* FirstViewController.h */,
				C316E3AC1D55C9B70064C2E8 /* FirstViewController.m */,
				C316E3AE1D55C9B70064C2E8 /* SecondViewController.h */,
				C316E3AF1D55C9B70064C2E8 /* SecondViewController.m */,
				C316E3B11D55C9B70064C2E8 /* Main.storyboard */,
				C316E3B41D55C9B70064C2E8 /* Assets.xcassets */,
				C316E3B61D55C9B70064C2E8 /* LaunchScreen.storyboard */,
				C316E3B91D55C9B70064C2E8 /* Info.plist */,
				C316E3A51D55C9B70064C2E8 /* Supporting Files */,
				C316E3DB1D55D56F0064C2E8 /* UserDetailsViewController.h */,
				C316E3DC1D55D56F0064C2E8 /* UserDetailsViewController.m */,
				C316E3DE1D55D5C10064C2E8 /* UserListTableViewController.h */,
				C316E3DF1D55D5C10064C2E8 /* UserListTableViewController.m */,
				C316E3E11D55E1450064C2E8 /* UserDetailsTableViewCell.h */,
				C316E3E21D55E1450064C2E8 /* UserDetailsTableViewCell.m */,
				C316E3E41D56256C0064C2E8 /* ApiClient.h */,
				C316E3E51D56256C0064C2E8 /* ApiClient.m */,
			);
			path = client;
			sourceTree = "<group>";
		};
		C316E3A51D55C9B70064C2E8 /* Supporting Files */ = {
			isa = PBXGroup;
			children = (
				C316E3A61D55C9B70064C2E8 /* main.m */,
			);
			name = "Supporting Files";
			sourceTree = "<group>";
		};
		C316E3C11D55C9B70064C2E8 /* clientTests */ = {
			isa = PBXGroup;
			children = (
				C316E3C21D55C9B70064C2E8 /* clientTests.m */,
				C316E3C41D55C9B70064C2E8 /* Info.plist */,
			);
			path = clientTests;
			sourceTree = "<group>";
		};
		C316E3CC1D55C9B70064C2E8 /* clientUITests */ = {
			isa = PBXGroup;
			children = (
				C316E3CD1D55C9B70064C2E8 /* clientUITests.m */,
				C316E3CF1D55C9B70064C2E8 /* Info.plist */,
			);
			path = clientUITests;
			sourceTree = "<group>";
		};
/* End PBXGroup section */

/* Begin PBXNativeTarget section */
		C316E3A11D55C9B70064C2E8 /* client */ = {
			isa = PBXNativeTarget;
			buildConfigurationList = C316E3D21D55C9B70064C2E8 /* Build configuration list for PBXNativeTarget "client" */;
			buildPhases = (
				C316E39E1D55C9B70064C2E8 /* Sources */,
				C316E39F1D55C9B70064C2E8 /* Frameworks */,
				C316E3A01D55C9B70064C2E8 /* Resources */,
			);
			buildRules = (
			);
			dependencies = (
			);
			name = client;
			productName = client;
			productReference = C316E3A21D55C9B70064C2E8 /* client.app */;
			productType = "com.apple.product-type.application";
		};
		C316E3BD1D55C9B70064C2E8 /* clientTests */ = {
			isa = PBXNativeTarget;
			buildConfigurationList = C316E3D51D55C9B70064C2E8 /* Build configuration list for PBXNativeTarget "clientTests" */;
			buildPhases = (
				C316E3BA1D55C9B70064C2E8 /* Sources */,
				C316E3BB1D55C9B70064C2E8 /* Frameworks */,
				C316E3BC1D55C9B70064C2E8 /* Resources */,
			);
			buildRules = (
			);
			dependencies = (
				C316E3C01D55C9B70064C2E8 /* PBXTargetDependency */,
			);
			name = clientTests;
			productName = clientTests;
			productReference = C316E3BE1D55C9B70064C2E8 /* clientTests.xctest */;
			productType = "com.apple.product-type.bundle.unit-test";
		};
		C316E3C81D55C9B70064C2E8 /* clientUITests */ = {
			isa = PBXNativeTarget;
			buildConfigurationList = C316E3D81D55C9B70064C2E8 /* Build configuration list for PBXNativeTarget "clientUITests" */;
			buildPhases = (
				C316E3C51D55C9B70064C2E8 /* Sources */,
				C316E3C61D55C9B70064C2E8 /* Frameworks */,
				C316E3C71D55C9B70064C2E8 /* Resources */,
			);
			buildRules = (
			);
			dependencies = (
				C316E3CB1D55C9B70064C2E8 /* PBXTargetDependency */,
			);
			name = clientUITests;
			productName = clientUITests;
			productReference = C316E3C91D55C9B70064C2E8 /* clientUITests.xctest */;
			productType = "com.apple.product-type.bundle.ui-testing";
		};
/* End PBXNativeTarget section */

/* Begin PBXProject section */
		C316E39A1D55C9B70064C2E8 /* Project object */ = {
			isa = PBXProject;
			attributes = {
				LastUpgradeCheck = 0720;
				ORGANIZATIONNAME = "GongXian Cao";
				TargetAttributes = {
					C316E3A11D55C9B70064C2E8 = {
						CreatedOnToolsVersion = 7.2.1;
					};
					C316E3BD1D55C9B70064C2E8 = {
						CreatedOnToolsVersion = 7.2.1;
						TestTargetID = C316E3A11D55C9B70064C2E8;
					};
					C316E3C81D55C9B70064C2E8 = {
						CreatedOnToolsVersion = 7.2.1;
						TestTargetID = C316E3A11D55C9B70064C2E8;
					};
				};
			};
			buildConfigurationList = C316E39D1D55C9B70064C2E8 /* Build configuration list for PBXProject "client" */;
			compatibilityVersion = "Xcode 3.2";
			developmentRegion = English;
			hasScannedForEncodings = 0;
			knownRegions = (
				en,
				Base,
			);
			mainGroup = C316E3991D55C9B70064C2E8;
			productRefGroup = C316E3A31D55C9B70064C2E8 /* Products */;
			projectDirPath = "";
			projectRoot = "";
			targets = (
				C316E3A11D55C9B70064C2E8 /* client */,
				C316E3BD1D55C9B70064C2E8 /* clientTests */,
				C316E3C81D55C9B70064C2E8 /* clientUITests */,
			);
		};
/* End PBXProject section */

/* Begin PBXResourcesBuildPhase section */
		C316E3A01D55C9B70064C2E8 /* Resources */ = {
			isa = PBXResourcesBuildPhase;
			buildActionMask = 2147483647;
			files = (
				C316E3B81D55C9B70064C2E8 /* LaunchScreen.storyboard in Resources */,
				C316E3B51D55C9B70064C2E8 /* Assets.xcassets in Resources */,
				C316E3B31D55C9B70064C2E8 /* Main.storyboard in Resources */,
			);
			runOnlyForDeploymentPostprocessing = 0;
		};
		C316E3BC1D55C9B70064C2E8 /* Resources */ = {
			isa = PBXResourcesBuildPhase;
			buildActionMask = 2147483647;
			files = (
			);
			runOnlyForDeploymentPostprocessing = 0;
		};
		C316E3C71D55C9B70064C2E8 /* Resources */ = {
			isa = PBXResourcesBuildPhase;
			buildActionMask = 2147483647;
			files = (
			);
			runOnlyForDeploymentPostprocessing = 0;
		};
/* End PBXResourcesBuildPhase section */

/* Begin PBXSourcesBuildPhase section */
		C316E39E1D55C9B70064C2E8 /* Sources */ = {
			isa = PBXSourcesBuildPhase;
			buildActionMask = 2147483647;
			files = (
				C316E3E01D55D5C10064C2E8 /* UserListTableViewController.m in Sources */,
				C316E3B01D55C9B70064C2E8 /* SecondViewController.m in Sources */,
				C316E3AA1D55C9B70064C2E8 /* AppDelegate.m in Sources */,
				C316E3AD1D55C9B70064C2E8 /* FirstViewController.m in Sources */,
				C316E3E31D55E1450064C2E8 /* UserDetailsTableViewCell.m in Sources */,
				C316E3DD1D55D56F0064C2E8 /* UserDetailsViewController.m in Sources */,
				C316E3A71D55C9B70064C2E8 /* main.m in Sources */,
				C316E3E61D56256C0064C2E8 /* ApiClient.m in Sources */,
			);
			runOnlyForDeploymentPostprocessing = 0;
		};
		C316E3BA1D55C9B70064C2E8 /* Sources */ = {
			isa = PBXSourcesBuildPhase;
			buildActionMask = 2147483647;
			files = (
				C316E3C31D55C9B70064C2E8 /* clientTests.m in Sources */,
			);
			runOnlyForDeploymentPostprocessing = 0;
		};
		C316E3C51D55C9B70064C2E8 /* Sources */ = {
			isa = PBXSourcesBuildPhase;
			buildActionMask = 2147483647;
			files = (
				C316E3CE1D55C9B70064C2E8 /* clientUITests.m in Sources */,
			);
			runOnlyForDeploymentPostprocessing = 0;
		};
/* End PBXSourcesBuildPhase section */

/* Begin PBXTargetDependency section */
		C316E3C01D55C9B70064C2E8 /* PBXTargetDependency */ = {
			isa = PBXTargetDependency;
			target = C316E3A11D55C9B70064C2E8 /* client */;
			targetProxy = C316E3BF1D55C9B70064C2E8 /* PBXContainerItemProxy */;
		};
		C316E3CB1D55C9B70064C2E8 /* PBXTargetDependency */ = {
			isa = PBXTargetDependency;
			target = C316E3A11D55C9B70064C2E8 /* client */;
			targetProxy = C316E3CA1D55C9B70064C2E8 /* PBXContainerItemProxy */;
		};
/* End PBXTargetDependency section */

/* Begin PBXVariantGroup section */
		C316E3B11D55C9B70064C2E8 /* Main.storyboard */ = {
			isa = PBXVariantGroup;
			children = (
				C316E3B21D55C9B70064C2E8 /* Base */,
			);
			name = Main.storyboard;
			sourceTree = "<group>";
		};
		C316E3B61D55C9B70064C2E8 /* LaunchScreen.storyboard */ = {
			isa = PBXVariantGroup;
			children = (
				C316E3B71D55C9B70064C2E8 /* Base */,
			);
			name = LaunchScreen.storyboard;
			sourceTree = "<group>";
		};
/* End PBXVariantGroup section */

/* Begin XCBuildConfiguration section */
		C316E3D01D55C9B70064C2E8 /* Debug */ = {
			isa = XCBuildConfiguration;
			buildSettings = {
				ALWAYS_SEARCH_USER_PATHS = NO;
				CLANG_CXX_LANGUAGE_STANDARD = "gnu++0x";
				CLANG_CXX_LIBRARY = "libc++";
				CLANG_ENABLE_MODULES = YES;
				CLANG_ENABLE_OBJC_ARC = YES;
				CLANG_WARN_BOOL_CONVERSION = YES;
				CLANG_WARN_CONSTANT_CONVERSION = YES;
				CLANG_WARN_DIRECT_OBJC_ISA_USAGE = YES_ERROR;
				CLANG_WARN_EMPTY_BODY = YES;
				CLANG_WARN_ENUM_CONVERSION = YES;
				CLANG_WARN_INT_CONVERSION = YES;
				CLANG_WARN_OBJC_ROOT_CLASS = YES_ERROR;
				CLANG_WARN_UNREACHABLE_CODE = YES;
				CLANG_WARN__DUPLICATE_METHOD_MATCH = YES;
				"CODE_SIGN_IDENTITY[sdk=iphoneos*]" = "iPhone Developer";
				COPY_PHASE_STRIP = NO;
				DEBUG_INFORMATION_FORMAT = dwarf;
				ENABLE_STRICT_OBJC_MSGSEND = YES;
				ENABLE_TESTABILITY = YES;
				GCC_C_LANGUAGE_STANDARD = gnu99;
				GCC_DYNAMIC_NO_PIC = NO;
				GCC_NO_COMMON_BLOCKS = YES;
				GCC_OPTIMIZATION_LEVEL = 0;
				GCC_PREPROCESSOR_DEFINITIONS = (
					"DEBUG=1",
					"$(inherited)",
				);
				GCC_WARN_64_TO_32_BIT_CONVERSION = YES;
				GCC_WARN_ABOUT_RETURN_TYPE = YES_ERROR;
				GCC_WARN_UNDECLARED_SELECTOR = YES;
				GCC_WARN_UNINITIALIZED_AUTOS = YES_AGGRESSIVE;
				GCC_WARN_UNUSED_FUNCTION = YES;
				GCC_WARN_UNUSED_VARIABLE = YES;
				IPHONEOS_DEPLOYMENT_TARGET = 9.2;
				MTL_ENABLE_DEBUG_INFO = YES;
				ONLY_ACTIVE_ARCH = YES;
				SDKROOT = iphoneos;
				TARGETED_DEVICE_FAMILY = "1,2";
			};
			name = Debug;
		};
		C316E3D11D55C9B70064C2E8 /* Release */ = {
			isa = XCBuildConfiguration;
			buildSettings = {
				ALWAYS_SEARCH_USER_PATHS = NO;
				CLANG_CXX_LANGUAGE_STANDARD = "gnu++0x";
				CLANG_CXX_LIBRARY = "libc++";
				CLANG_ENABLE_MODULES = YES;
				CLANG_ENABLE_OBJC_ARC = YES;
				CLANG_WARN_BOOL_CONVERSION = YES;
				CLANG_WARN_CONSTANT_CONVERSION = YES;
				CLANG_WARN_DIRECT_OBJC_ISA_USAGE = YES_ERROR;
				CLANG_WARN_EMPTY_BODY = YES;
				CLANG_WARN_ENUM_CONVERSION = YES;
				CLANG_WARN_INT_CONVERSION = YES;
				CLANG_WARN_OBJC_ROOT_CLASS = YES_ERROR;
				CLANG_WARN_UNREACHABLE_CODE = YES;
				CLANG_WARN__DUPLICATE_METHOD_MATCH = YES;
				"CODE_SIGN_IDENTITY[sdk=iphoneos*]" = "iPhone Developer";
				COPY_PHASE_STRIP = NO;
				DEBUG_INFORMATION_FORMAT = "dwarf-with-dsym";
				ENABLE_NS_ASSERTIONS = NO;
				ENABLE_STRICT_OBJC_MSGSEND = YES;
				GCC_C_LANGUAGE_STANDARD = gnu99;
				GCC_NO_COMMON_BLOCKS = YES;
				GCC_WARN_64_TO_32_BIT_CONVERSION = YES;
				GCC_WARN_ABOUT_RETURN_TYPE = YES_ERROR;
				GCC_WARN_UNDECLARED_SELECTOR = YES;
				GCC_WARN_UNINITIALIZED_AUTOS = YES_AGGRESSIVE;
				GCC_WARN_UNUSED_FUNCTION = YES;
				GCC_WARN_UNUSED_VARIABLE = YES;
				IPHONEOS_DEPLOYMENT_TARGET = 9.2;
				MTL_ENABLE_DEBUG_INFO = NO;
				SDKROOT = iphoneos;
				TARGETED_DEVICE_FAMILY = "1,2";
				VALIDATE_PRODUCT = YES;
			};
			name = Release;
		};
		C316E3D31D55C9B70064C2E8 /* Debug */ = {
			isa = XCBuildConfiguration;
			buildSettings = {
				ASSETCATALOG_COMPILER_APPICON_NAME = AppIcon;
				INFOPLIST_FILE = client/Info.plist;
				LD_RUNPATH_SEARCH_PATHS = "$(inherited) @executable_path/Frameworks";
				PRODUCT_BUNDLE_IDENTIFIER = com.cloudnapps.client;
				PRODUCT_NAME = "$(TARGET_NAME)";
			};
			name = Debug;
		};
		C316E3D41D55C9B70064C2E8 /* Release */ = {
			isa = XCBuildConfiguration;
			buildSettings = {
				ASSETCATALOG_COMPILER_APPICON_NAME = AppIcon;
				INFOPLIST_FILE = client/Info.plist;
				LD_RUNPATH_SEARCH_PATHS = "$(inherited) @executable_path/Frameworks";
				PRODUCT_BUNDLE_IDENTIFIER = com.cloudnapps.client;
				PRODUCT_NAME = "$(TARGET_NAME)";
			};
			name = Release;
		};
		C316E3D61D55C9B70064C2E8 /* Debug */ = {
			isa = XCBuildConfiguration;
			buildSettings = {
				BUNDLE_LOADER = "$(TEST_HOST)";
				INFOPLIST_FILE = clientTests/Info.plist;
				LD_RUNPATH_SEARCH_PATHS = "$(inherited) @executable_path/Frameworks @loader_path/Frameworks";
				PRODUCT_BUNDLE_IDENTIFIER = com.cloudnapps.clientTests;
				PRODUCT_NAME = "$(TARGET_NAME)";
				TEST_HOST = "$(BUILT_PRODUCTS_DIR)/client.app/client";
			};
			name = Debug;
		};
		C316E3D71D55C9B70064C2E8 /* Release */ = {
			isa = XCBuildConfiguration;
			buildSettings = {
				BUNDLE_LOADER = "$(TEST_HOST)";
				INFOPLIST_FILE = clientTests/Info.plist;
				LD_RUNPATH_SEARCH_PATHS = "$(inherited) @executable_path/Frameworks @loader_path/Frameworks";
				PRODUCT_BUNDLE_IDENTIFIER = com.cloudnapps.clientTests;
				PRODUCT_NAME = "$(TARGET_NAME)";
				TEST_HOST = "$(BUILT_PRODUCTS_DIR)/client.app/client";
			};
			name = Release;
		};
		C316E3D91D55C9B70064C2E8 /* Debug */ = {
			isa = XCBuildConfiguration;
			buildSettings = {
				INFOPLIST_FILE = clientUITests/Info.plist;
				LD_RUNPATH_SEARCH_PATHS = "$(inherited) @executable_path/Frameworks @loader_path/Frameworks";
				PRODUCT_BUNDLE_IDENTIFIER = com.cloudnapps.clientUITests;
				PRODUCT_NAME = "$(TARGET_NAME)";
				TEST_TARGET_NAME = client;
				USES_XCTRUNNER = YES;
			};
			name = Debug;
		};
		C316E3DA1D55C9B70064C2E8 /* Release */ = {
			isa = XCBuildConfiguration;
			buildSettings = {
				INFOPLIST_FILE = clientUITests/Info.plist;
				LD_RUNPATH_SEARCH_PATHS = "$(inherited) @executable_path/Frameworks @loader_path/Frameworks";
				PRODUCT_BUNDLE_IDENTIFIER = com.cloudnapps.clientUITests;
				PRODUCT_NAME = "$(TARGET_NAME)";
				TEST_TARGET_NAME = client;
				USES_XCTRUNNER = YES;
			};
			name = Release;
		};
/* End XCBuildConfiguration section */

/* Begin XCConfigurationList section */
		C316E39D1D55C9B70064C2E8 /* Build configuration list for PBXProject "client" */ = {
			isa = XCConfigurationList;
			buildConfigurations = (
				C316E3D01D55C9B70064C2E8 /* Debug */,
				C316E3D11D55C9B70064C2E8 /* Release */,
			);
			defaultConfigurationIsVisible = 0;
			defaultConfigurationName = Release;
		};
		C316E3D21D55C9B70064C2E8 /* Build configuration list for PBXNativeTarget "client" */ = {
			isa = XCConfigurationList;
			buildConfigurations = (
				C316E3D31D55C9B70064C2E8 /* Debug */,
				C316E3D41D55C9B70064C2E8 /* Release */,
			);
			defaultConfigurationIsVisible = 0;
		};
		C316E3D51D55C9B70064C2E8 /* Build configuration list for PBXNativeTarget "clientTests" */ = {
			isa = XCConfigurationList;
			buildConfigurations = (
				C316E3D61D55C9B70064C2E8 /* Debug */,
				C316E3D71D55C9B70064C2E8 /* Release */,
			);
			defaultConfigurationIsVisible = 0;
		};
		C316E3D81D55C9B70064C2E8 /* Build configuration list for PBXNativeTarget "clientUITests" */ = {
			isa = XCConfigurationList;
			buildConfigurations = (
				C316E3D91D55C9B70064C2E8 /* Debug */,
				C316E3DA1D55C9B70064C2E8 /* Release */,
			);
			defaultConfigurationIsVisible = 0;
		};
/* End XCConfigurationList section */
	};
	rootObject = C316E39A1D55C9B70064C2E8 /* Project object */;
}
